{
  "name": "lezer-latex",
  "version": "1.0.0",
  "lockfileVersion": 1,
  "requires": true,
  "dependencies": {
    "lezer": {
      "version": "0.5.0",
      "resolved": "https://registry.npmjs.org/lezer/-/lezer-0.5.0.tgz",
      "integrity": "sha512-1KjATtsaaDmY439Sf01wvaTnkXWd/JvzFY6owoSbCLgGNB3fW+0PRozC4cxXsI30GYaCjPaXRDjzBUaLem6AtQ==",
      "requires": {
        "lezer-tree": "^0.5.0"
      }
    },
    "lezer-generator": {
      "version": "0.5.1",
      "resolved": "https://registry.npmjs.org/lezer-generator/-/lezer-generator-0.5.1.tgz",
      "integrity": "sha512-OY5Dhw5qJXw4N87LxE6YBDYvFC/aV6B1aKOw5ibDmFiyv1MWH7+q4l8k7hDAkTQXilLHw2zadvETik0uRc4CxQ==",
      "requires": {
        "lezer": "^0.5.0"
      }
    },
    "lezer-tree": {
      "version": "0.5.1",
      "resolved": "https://registry.npmjs.org/lezer-tree/-/lezer-tree-0.5.1.tgz",
      "integrity": "sha512-IxzKEzguKD8tedID4UjStORXOYDIuSwB53UfOp6X/YZTfW817llSjidFDBQGSUB5hnLr9INYmxcHZNidAiHMRg=="
    }
  }
}
